
Microsoft Visual Studio Solution File, Format Version 12.00
# Visual Studio 15
Project("{FAE04EC0-301F-11D3-BF4B-00C04F79EFBC}") = "Assembly-CSharp", "Assembly-CSharp.csproj", "{845DA3D7-7D88-02F0-BB49-A3103A293246}"
EndProject
Project("{FAE04EC0-301F-11D3-BF4B-00C04F79EFBC}") = "Boxophobic.Utils.Scripts", "Boxophobic.Utils.Scripts.csproj", "{4320D9C7-8E55-8A1E-D56F-C0489D6795EA}"
EndProject
Project("{FAE04EC0-301F-11D3-BF4B-00C04F79EFBC}") = "Boxophobic.Utils.Editor", "Boxophobic.Utils.Editor.csproj", "{CC365FF1-52CD-13E3-E9E1-0D2BC4152610}"
EndProject
Project("{FAE04EC0-301F-11D3-BF4B-00C04F79EFBC}") = "Boxophobic.SkyboxCubemapExtended.Editor", "Boxophobic.SkyboxCubemapExtended.Editor.csproj", "{5F2CC2EF-D246-2993-DF17-A33C5894D1CC}"
EndProject
Project("{FAE04EC0-301F-11D3-BF4B-00C04F79EFBC}") = "Assembly-CSharp-Editor", "Assembly-CSharp-Editor.csproj", "{2AA24F5D-0CCC-9278-A195-58212233E3B0}"
EndProject
Global
	GlobalSection(SolutionConfigurationPlatforms) = preSolution
		Debug|Any CPU = Debug|Any CPU
		Release|Any CPU = Release|Any CPU
	EndGlobalSection
	GlobalSection(ProjectConfigurationPlatforms) = postSolution
		{845DA3D7-7D88-02F0-BB49-A3103A293246}.Debug|Any CPU.ActiveCfg = Debug|Any CPU
		{845DA3D7-7D88-02F0-BB49-A3103A293246}.Debug|Any CPU.Build.0 = Debug|Any CPU
		{845DA3D7-7D88-02F0-BB49-A3103A293246}.Release|Any CPU.ActiveCfg = Release|Any CPU
		{845DA3D7-7D88-02F0-BB49-A3103A293246}.Release|Any CPU.Build.0 = Release|Any CPU
		{4320D9C7-8E55-8A1E-D56F-C0489D6795EA}.Debug|Any CPU.ActiveCfg = Debug|Any CPU
		{4320D9C7-8E55-8A1E-D56F-C0489D6795EA}.Debug|Any CPU.Build.0 = Debug|Any CPU
		{4320D9C7-8E55-8A1E-D56F-C0489D6795EA}.Release|Any CPU.ActiveCfg = Release|Any CPU
		{4320D9C7-8E55-8A1E-D56F-C0489D6795EA}.Release|Any CPU.Build.0 = Release|Any CPU
		{CC365FF1-52CD-13E3-E9E1-0D2BC4152610}.Debug|Any CPU.ActiveCfg = Debug|Any CPU
		{CC365FF1-52CD-13E3-E9E1-0D2BC4152610}.Debug|Any CPU.Build.0 = Debug|Any CPU
		{CC365FF1-52CD-13E3-E9E1-0D2BC4152610}.Release|Any CPU.ActiveCfg = Release|Any CPU
		{CC365FF1-52CD-13E3-E9E1-0D2BC4152610}.Release|Any CPU.Build.0 = Release|Any CPU
		{5F2CC2EF-D246-2993-DF17-A33C5894D1CC}.Debug|Any CPU.ActiveCfg = Debug|Any CPU
		{5F2CC2EF-D246-2993-DF17-A33C5894D1CC}.Debug|Any CPU.Build.0 = Debug|Any CPU
		{5F2CC2EF-D246-2993-DF17-A33C5894D1CC}.Release|Any CPU.ActiveCfg = Release|Any CPU
		{5F2CC2EF-D246-2993-DF17-A33C5894D1CC}.Release|Any CPU.Build.0 = Release|Any CPU
		{2AA24F5D-0CCC-9278-A195-58212233E3B0}.Debug|Any CPU.ActiveCfg = Debug|Any CPU
		{2AA24F5D-0CCC-9278-A195-58212233E3B0}.Debug|Any CPU.Build.0 = Debug|Any CPU
		{2AA24F5D-0CCC-9278-A195-58212233E3B0}.Release|Any CPU.ActiveCfg = Release|Any CPU
		{2AA24F5D-0CCC-9278-A195-58212233E3B0}.Release|Any CPU.Build.0 = Release|Any CPU
	EndGlobalSection
	GlobalSection(SolutionProperties) = preSolution
		HideSolutionNode = FALSE
	EndGlobalSection
EndGlobal
